
Microsoft Visual Studio Solution File, Format Version 12.00
# Visual Studio 15
VisualStudioVersion = 15.0.27130.2026
MinimumVisualStudioVersion = 10.0.40219.1
Project("{2150E333-8FDC-42A3-9474-1A3956D46DE8}") = "UI", "UI", "{1F3672DE-1B48-4C20-8551-C214405F2B09}"
EndProject
Project("{2150E333-8FDC-42A3-9474-1A3956D46DE8}") = "Business", "Business", "{46D36B75-80EB-4ADE-9F09-FA565FFFDB3F}"
EndProject
Project("{2150E333-8FDC-42A3-9474-1A3956D46DE8}") = "DataAccess", "DataAccess", "{F7C3B21E-324E-4BAE-9CA3-2E23E4D5F74B}"
EndProject
Project("{9A19103F-16F7-4668-BE54-9A1E7A4F7556}") = "Application.DataAccess", "DataAccess\Application.DataAccess\Application.DataAccess.csproj", "{861F3445-D3C3-4980-B3BE-F26B8025725F}"
EndProject
Project("{9A19103F-16F7-4668-BE54-9A1E7A4F7556}") = "Application.DataAccess.Test", "DataAccess\Application.DataAccess.Test\Application.DataAccess.Test.csproj", "{CCCC8A92-081D-4DF4-9CCB-57339BBEA86C}"
EndProject
Project("{2150E333-8FDC-42A3-9474-1A3956D46DE8}") = "Solution Items", "Solution Items", "{10F9D20E-F460-4AD4-BCDA-12D62BAE30F7}"
	ProjectSection(SolutionItems) = preProject
		.gitignore = .gitignore
		GlobalAssemblyInfo.cs = GlobalAssemblyInfo.cs
		GlobalSuppressions.cs = GlobalSuppressions.cs
		LICENSE = LICENSE
		NuGet.Config = NuGet.Config
		README.md = README.md
		stylecop.json = stylecop.json
	EndProjectSection
EndProject
Project("{9A19103F-16F7-4668-BE54-9A1E7A4F7556}") = "Application.Business", "Business\Application.Business\Application.Business.csproj", "{89191AD7-4A63-48FD-8BB3-4BB1342293A4}"
EndProject
Project("{9A19103F-16F7-4668-BE54-9A1E7A4F7556}") = "Application.Business.Test", "Business\Application.Business.Test\Application.Business.Test.csproj", "{7E001325-5586-4878-A1B0-9D97F63DECD7}"
EndProject
Project("{9A19103F-16F7-4668-BE54-9A1E7A4F7556}") = "Application", "UI\Application\Application.csproj", "{3F3851A4-98EF-4B69-A7D7-02C78DCC71B4}"
EndProject
Project("{2150E333-8FDC-42A3-9474-1A3956D46DE8}") = "Services", "Services", "{7B798BEB-8EF8-4459-8F62-02C6A7E72BD3}"
EndProject
Project("{9A19103F-16F7-4668-BE54-9A1E7A4F7556}") = "CoreCaptcha", "Services\CoreCaptcha\CoreCaptcha.csproj", "{53BC1D85-6445-4557-8531-2F93A56DC6CC}"
EndProject
Project("{9092AA53-FB77-4645-B42D-1CCCA6BD08BD}") = "core-captcha-demo", "Services\core-captcha-demo\core-captcha-demo.njsproj", "{F95BA1EA-07C7-49AE-87D7-7D8013E08408}"
EndProject
Project("{9092AA53-FB77-4645-B42D-1CCCA6BD08BD}") = "ngx-link-stylesheet-demo", "Services\ngx-link-stylesheet-demo\ngx-link-stylesheet-demo.njsproj", "{95AE8594-E0E1-47BF-9F11-B6D70B1A0E83}"
EndProject
Global
	GlobalSection(SolutionConfigurationPlatforms) = preSolution
		Debug|Any CPU = Debug|Any CPU
		Release|Any CPU = Release|Any CPU
		TestingProduction|Any CPU = TestingProduction|Any CPU
	EndGlobalSection
	GlobalSection(ProjectConfigurationPlatforms) = postSolution
		{861F3445-D3C3-4980-B3BE-F26B8025725F}.Debug|Any CPU.ActiveCfg = Debug|Any CPU
		{861F3445-D3C3-4980-B3BE-F26B8025725F}.Debug|Any CPU.Build.0 = Debug|Any CPU
		{861F3445-D3C3-4980-B3BE-F26B8025725F}.Release|Any CPU.ActiveCfg = Release|Any CPU
		{861F3445-D3C3-4980-B3BE-F26B8025725F}.Release|Any CPU.Build.0 = Release|Any CPU
		{861F3445-D3C3-4980-B3BE-F26B8025725F}.TestingProduction|Any CPU.ActiveCfg = TestingProduction|Any CPU
		{861F3445-D3C3-4980-B3BE-F26B8025725F}.TestingProduction|Any CPU.Build.0 = TestingProduction|Any CPU
		{CCCC8A92-081D-4DF4-9CCB-57339BBEA86C}.Debug|Any CPU.ActiveCfg = Debug|Any CPU
		{CCCC8A92-081D-4DF4-9CCB-57339BBEA86C}.Debug|Any CPU.Build.0 = Debug|Any CPU
		{CCCC8A92-081D-4DF4-9CCB-57339BBEA86C}.Release|Any CPU.ActiveCfg = Release|Any CPU
		{CCCC8A92-081D-4DF4-9CCB-57339BBEA86C}.Release|Any CPU.Build.0 = Release|Any CPU
		{CCCC8A92-081D-4DF4-9CCB-57339BBEA86C}.TestingProduction|Any CPU.ActiveCfg = TestingProduction|Any CPU
		{89191AD7-4A63-48FD-8BB3-4BB1342293A4}.Debug|Any CPU.ActiveCfg = Debug|Any CPU
		{89191AD7-4A63-48FD-8BB3-4BB1342293A4}.Debug|Any CPU.Build.0 = Debug|Any CPU
		{89191AD7-4A63-48FD-8BB3-4BB1342293A4}.Release|Any CPU.ActiveCfg = Release|Any CPU
		{89191AD7-4A63-48FD-8BB3-4BB1342293A4}.Release|Any CPU.Build.0 = Release|Any CPU
		{89191AD7-4A63-48FD-8BB3-4BB1342293A4}.TestingProduction|Any CPU.ActiveCfg = TestingProduction|Any CPU
		{89191AD7-4A63-48FD-8BB3-4BB1342293A4}.TestingProduction|Any CPU.Build.0 = TestingProduction|Any CPU
		{7E001325-5586-4878-A1B0-9D97F63DECD7}.Debug|Any CPU.ActiveCfg = Debug|Any CPU
		{7E001325-5586-4878-A1B0-9D97F63DECD7}.Debug|Any CPU.Build.0 = Debug|Any CPU
		{7E001325-5586-4878-A1B0-9D97F63DECD7}.Release|Any CPU.ActiveCfg = Release|Any CPU
		{7E001325-5586-4878-A1B0-9D97F63DECD7}.Release|Any CPU.Build.0 = Release|Any CPU
		{7E001325-5586-4878-A1B0-9D97F63DECD7}.TestingProduction|Any CPU.ActiveCfg = TestingProduction|Any CPU
		{3F3851A4-98EF-4B69-A7D7-02C78DCC71B4}.Debug|Any CPU.ActiveCfg = Debug|Any CPU
		{3F3851A4-98EF-4B69-A7D7-02C78DCC71B4}.Debug|Any CPU.Build.0 = Debug|Any CPU
		{3F3851A4-98EF-4B69-A7D7-02C78DCC71B4}.Release|Any CPU.ActiveCfg = Release|Any CPU
		{3F3851A4-98EF-4B69-A7D7-02C78DCC71B4}.Release|Any CPU.Build.0 = Release|Any CPU
		{3F3851A4-98EF-4B69-A7D7-02C78DCC71B4}.TestingProduction|Any CPU.ActiveCfg = TestingProduction|Any CPU
		{3F3851A4-98EF-4B69-A7D7-02C78DCC71B4}.TestingProduction|Any CPU.Build.0 = TestingProduction|Any CPU
		{53BC1D85-6445-4557-8531-2F93A56DC6CC}.Debug|Any CPU.ActiveCfg = Debug|Any CPU
		{53BC1D85-6445-4557-8531-2F93A56DC6CC}.Debug|Any CPU.Build.0 = Debug|Any CPU
		{53BC1D85-6445-4557-8531-2F93A56DC6CC}.Release|Any CPU.ActiveCfg = Release|Any CPU
		{53BC1D85-6445-4557-8531-2F93A56DC6CC}.Release|Any CPU.Build.0 = Release|Any CPU
		{53BC1D85-6445-4557-8531-2F93A56DC6CC}.TestingProduction|Any CPU.ActiveCfg = Debug|Any CPU
		{53BC1D85-6445-4557-8531-2F93A56DC6CC}.TestingProduction|Any CPU.Build.0 = Debug|Any CPU
		{F95BA1EA-07C7-49AE-87D7-7D8013E08408}.Debug|Any CPU.ActiveCfg = Debug|Any CPU
		{F95BA1EA-07C7-49AE-87D7-7D8013E08408}.Release|Any CPU.ActiveCfg = Release|Any CPU
		{F95BA1EA-07C7-49AE-87D7-7D8013E08408}.Release|Any CPU.Build.0 = Release|Any CPU
		{F95BA1EA-07C7-49AE-87D7-7D8013E08408}.TestingProduction|Any CPU.ActiveCfg = Release|Any CPU
		{F95BA1EA-07C7-49AE-87D7-7D8013E08408}.TestingProduction|Any CPU.Build.0 = Release|Any CPU
		{95AE8594-E0E1-47BF-9F11-B6D70B1A0E83}.Debug|Any CPU.ActiveCfg = Debug|Any CPU
		{95AE8594-E0E1-47BF-9F11-B6D70B1A0E83}.Release|Any CPU.ActiveCfg = Release|Any CPU
		{95AE8594-E0E1-47BF-9F11-B6D70B1A0E83}.Release|Any CPU.Build.0 = Release|Any CPU
		{95AE8594-E0E1-47BF-9F11-B6D70B1A0E83}.TestingProduction|Any CPU.ActiveCfg = Release|Any CPU
		{95AE8594-E0E1-47BF-9F11-B6D70B1A0E83}.TestingProduction|Any CPU.Build.0 = Release|Any CPU
	EndGlobalSection
	GlobalSection(SolutionProperties) = preSolution
		HideSolutionNode = FALSE
	EndGlobalSection
	GlobalSection(NestedProjects) = preSolution
		{861F3445-D3C3-4980-B3BE-F26B8025725F} = {F7C3B21E-324E-4BAE-9CA3-2E23E4D5F74B}
		{CCCC8A92-081D-4DF4-9CCB-57339BBEA86C} = {F7C3B21E-324E-4BAE-9CA3-2E23E4D5F74B}
		{89191AD7-4A63-48FD-8BB3-4BB1342293A4} = {46D36B75-80EB-4ADE-9F09-FA565FFFDB3F}
		{7E001325-5586-4878-A1B0-9D97F63DECD7} = {46D36B75-80EB-4ADE-9F09-FA565FFFDB3F}
		{3F3851A4-98EF-4B69-A7D7-02C78DCC71B4} = {1F3672DE-1B48-4C20-8551-C214405F2B09}
		{53BC1D85-6445-4557-8531-2F93A56DC6CC} = {7B798BEB-8EF8-4459-8F62-02C6A7E72BD3}
		{F95BA1EA-07C7-49AE-87D7-7D8013E08408} = {7B798BEB-8EF8-4459-8F62-02C6A7E72BD3}
		{95AE8594-E0E1-47BF-9F11-B6D70B1A0E83} = {7B798BEB-8EF8-4459-8F62-02C6A7E72BD3}
	EndGlobalSection
	GlobalSection(ExtensibilityGlobals) = postSolution
		SolutionGuid = {9B08C599-CF94-4BC6-9D7F-F7DC85331814}
	EndGlobalSection
EndGlobal
