{
  "name": "@renet-consulting/ngx-tracking-analytics",
  "version": "9.0.0",
  "lockfileVersion": 1,
  "requires": true,
  "dependencies": {
    "@renet-consulting/ngx-http-params": {
      "version": "8.0.1",
      "resolved": "https://registry.npmjs.org/@renet-consulting/ngx-http-params/-/ngx-http-params-8.0.1.tgz",
      "integrity": "sha512-0QglxRVJ4KZqdOZBRgJTqJviZi2zkIUB80gr8efo+PQ+wyfGqektZcojcu4Paax6ysPwYa6BR4umY+ScFA0ySw==",
      "requires": {
        "@renet-consulting/util": "^0.0.1",
        "tslib": "^1.9.0"
      }
    },
    "@renet-consulting/storage": {
      "version": "8.0.0",
      "resolved": "https://registry.npmjs.org/@renet-consulting/storage/-/storage-8.0.0.tgz",
      "integrity": "sha512-fZImS5qzcO2TGkVJ01eEb0AlxOSIoD+yfSoS3UFE/Z3gfJx9fTDW8YmUoXZN8lx8XbKrqCpSRctmuYDZZOnKHg==",
      "requires": {
        "tslib": "^1.9.0"
      }
    },
    "@renet-consulting/util": {
      "version": "0.0.1",
      "resolved": "https://registry.npmjs.org/@renet-consulting/util/-/util-0.0.1.tgz",
      "integrity": "sha512-FIlMESDZUB3y9XcGruZ+1wrCM864x6pR2fel6O/yL1dDViaadKQovibGobjPXMAsg6IiAigC+AF979z1Z305+Q==",
      "requires": {
        "tslib": "^1.9.0"
      }
    },
    "@types/crypto-js": {
      "version": "3.1.45",
      "resolved": "https://registry.npmjs.org/@types/crypto-js/-/crypto-js-3.1.45.tgz",
      "integrity": "sha512-/4yiILxQnVfpAtrVctuEl0qwqAToqayoPEvutyWhHPslr2D9sx85KRmIq7etC0ZYKCK8ppucoLzJukjJdAtfdA==",
      "optional": true
    },
    "crypto-js": {
      "version": "3.3.0",
      "resolved": "https://registry.npmjs.org/crypto-js/-/crypto-js-3.3.0.tgz",
      "integrity": "sha512-DIT51nX0dCfKltpRiXV+/TVZq+Qq2NgF4644+K7Ttnla7zEzqc+kjJyiB96BHNyUTBxyjzRcZYpUdZa+QAqi6Q=="
    },
    "tslib": {
      "version": "1.11.1",
      "resolved": "https://registry.npmjs.org/tslib/-/tslib-1.11.1.tgz",
      "integrity": "sha512-aZW88SY8kQbU7gpV19lN24LtXh/yD4ZZg6qieAJDDg+YBsJcSmLGK9QpnUjAKVG/xefmvJGd1WUmfpT/g6AJGA=="
    }
  }
}
