{
  "name": "@renet-consulting/ngx-mat-input",
  "version": "10.0.1",
  "lockfileVersion": 1,
  "requires": true,
  "dependencies": {
    "@renet-consulting/animations": {
      "version": "9.0.0",
      "resolved": "https://registry.npmjs.org/@renet-consulting/animations/-/animations-9.0.0.tgz",
      "integrity": "sha512-U7SNR875hABu1oEydoYjIO8SvCGPFJH45pFvXpOnXh5yr2C+WlzX5hHsvguPdK5WUy1dUYQtnNcFaEjss2aUYA=="
    },
    "@renet-consulting/control-value-accessor": {
      "version": "10.0.1",
      "resolved": "https://registry.npmjs.org/@renet-consulting/control-value-accessor/-/control-value-accessor-10.0.1.tgz",
      "integrity": "sha512-FlLnkmfRVRKFQd+vfA6brXm6IqwJ1jWe9/xwUDRSvcCvXvuNsauPo8vpvRf/FMy2Jda8Nba07UqDSVUKfxM9Aw=="
    },
    "@renet-consulting/ngx-validator": {
      "version": "9.0.0",
      "resolved": "https://registry.npmjs.org/@renet-consulting/ngx-validator/-/ngx-validator-9.0.0.tgz",
      "integrity": "sha512-6e8JKfH/w1lc0f6VCPXQc5bnMuRF2wX89Szle8wPUFX1C7Mq8t0jsrgKyw8f/XjSs3H+pW756973tadaf/fHeg=="
    }
  }
}
